
Microsoft Visual Studio Solution File, Format Version 12.00
# Visual Studio 14
VisualStudioVersion = 14.0.23107.0
MinimumVisualStudioVersion = 10.0.40219.1
Project("{FAE04EC0-301F-11D3-BF4B-00C04F79EFBC}") = "Pms.Data", "Pms.Data\Pms.Data.csproj", "{DDCBC335-A7BB-4D18-B72A-0B92EBE178A2}"
EndProject
Project("{FAE04EC0-301F-11D3-BF4B-00C04F79EFBC}") = "Pms.Client", "Pms.Client\Pms.Client.csproj", "{0D42FFE7-10AA-4B6B-9F4E-6BECC1440383}"
EndProject
Global
	GlobalSection(SolutionConfigurationPlatforms) = preSolution
		Debug|Any CPU = Debug|Any CPU
		Release|Any CPU = Release|Any CPU
	EndGlobalSection
	GlobalSection(ProjectConfigurationPlatforms) = postSolution
		{DDCBC335-A7BB-4D18-B72A-0B92EBE178A2}.Debug|Any CPU.ActiveCfg = Debug|Any CPU
		{DDCBC335-A7BB-4D18-B72A-0B92EBE178A2}.Debug|Any CPU.Build.0 = Debug|Any CPU
		{DDCBC335-A7BB-4D18-B72A-0B92EBE178A2}.Release|Any CPU.ActiveCfg = Release|Any CPU
		{DDCBC335-A7BB-4D18-B72A-0B92EBE178A2}.Release|Any CPU.Build.0 = Release|Any CPU
		{0D42FFE7-10AA-4B6B-9F4E-6BECC1440383}.Debug|Any CPU.ActiveCfg = Debug|Any CPU
		{0D42FFE7-10AA-4B6B-9F4E-6BECC1440383}.Debug|Any CPU.Build.0 = Debug|Any CPU
		{0D42FFE7-10AA-4B6B-9F4E-6BECC1440383}.Release|Any CPU.ActiveCfg = Release|Any CPU
		{0D42FFE7-10AA-4B6B-9F4E-6BECC1440383}.Release|Any CPU.Build.0 = Release|Any CPU
	EndGlobalSection
	GlobalSection(SolutionProperties) = preSolution
		HideSolutionNode = FALSE
	EndGlobalSection
EndGlobal
